{
  "requires": true,
  "lockfileVersion": 1,
  "dependencies": {
    "dateformat": {
      "version": "3.0.3",
      "resolved": "https://registry.npmjs.org/dateformat/-/dateformat-3.0.3.tgz",
      "integrity": "sha512-jyCETtSl3VMZMWeRo7iY1FL19ges1t55hMo5yaam4Jrsm5EPL89UQkoQRyiI+Yf4k8r2ZpdngkV8hr1lIdjb3Q=="
    },
    "xmlbuilder": {
      "version": "11.0.0",
      "resolved": "https://registry.npmjs.org/xmlbuilder/-/xmlbuilder-11.0.0.tgz",
      "integrity": "sha512-LzeAc96zUlknAk0F+xOXC8hO1D4ISG1ivov9UBjFkPcbSk6jVGhm9J8pTQp1ksZp9YbOws8pae8tVs+hwQl12w=="
    }
  }
}
